PODS:
  - Capacitor (4.5.0):
    - CapacitorCordova
  - CapacitorCordova (4.5.0)

DEPENDENCIES:
  - "Capacitor (from `../node_modules/@capacitor/ios`)"
  - "CapacitorCordova (from `../node_modules/@capacitor/ios`)"

EXTERNAL SOURCES:
  Capacitor:
    :path: "../node_modules/@capacitor/ios"
  CapacitorCordova:
    :path: "../node_modules/@capacitor/ios"

SPEC CHECKSUMS:
  Capacitor: 94ea746d6b460711feb030f0f6585680fd4599ad
  CapacitorCordova: 1ba7a0509217944974297afab40fec6093e93848

PODFILE CHECKSUM: 14e8b2400457751b865e1c327e7cfa1c6fa67da6

COCOAPODS: 1.11.3
